// !$*UTF8*$!
{
	archiveVersion = 1;
	classes = {
	};
	objectVersion = 46;
	objects = {

/* Begin PBXBuildFile section */
		61EE731A1A15F83800E949C6 /* AppDelegate.swift in Sources */ = {isa = PBXBuildFile; fileRef = 61EE73191A15F83800E949C6 /* AppDelegate.swift */; };
		61EE731C1A15F83800E949C6 /* FirstViewController.swift in Sources */ = {isa = PBXBuildFile; fileRef = 61EE731B1A15F83800E949C6 /* FirstViewController.swift */; };
		61EE731E1A15F83800E949C6 /* SecondViewController.swift in Sources */ = {isa = PBXBuildFile; fileRef = 61EE731D1A15F83800E949C6 /* SecondViewController.swift */; };
		61EE73211A15F83800E949C6 /* Main.storyboard in Resources */ = {isa = PBXBuildFile; fileRef = 61EE731F1A15F83800E949C6 /* Main.storyboard */; };
		61EE73231A15F83800E949C6 /* Images.xcassets in Resources */ = {isa = PBXBuildFile; fileRef = 61EE73221A15F83800E949C6 /* Images.xcassets */; };
		61EE73261A15F83800E949C6 /* LaunchScreen.xib in Resources */ = {isa = PBXBuildFile; fileRef = 61EE73241A15F83800E949C6 /* LaunchScreen.xib */; };
		61EE73321A15F83800E949C6 /* oneAdminParentTests.swift in Sources */ = {isa = PBXBuildFile; fileRef = 61EE73311A15F83800E949C6 /* oneAdminParentTests.swift */; };
/* End PBXBuildFile section */

/* Begin PBXContainerItemProxy section */
		61EE732C1A15F83800E949C6 /* PBXContainerItemProxy */ = {
			isa = PBXContainerItemProxy;
			containerPortal = 61EE730C1A15F83800E949C6 /* Project object */;
			proxyType = 1;
			remoteGlobalIDString = 61EE73131A15F83800E949C6;
			remoteInfo = oneAdminParent;
		};
/* End PBXContainerItemProxy section */

/* Begin PBXFileReference section */
		61EE73141A15F83800E949C6 /* oneAdminParent.app */ = {isa = PBXFileReference; explicitFileType = wrapper.application; includeInIndex = 0; path = oneAdminParent.app; sourceTree = BUILT_PRODUCTS_DIR; };
		61EE73181A15F83800E949C6 /* Info.plist */ = {isa = PBXFileReference; lastKnownFileType = text.plist.xml; path = Info.plist; sourceTree = "<group>"; };
		61EE73191A15F83800E949C6 /* AppDelegate.swift */ = {isa = PBXFileReference; lastKnownFileType = sourcecode.swift; path = AppDelegate.swift; sourceTree = "<group>"; };
		61EE731B1A15F83800E949C6 /* FirstViewController.swift */ = {isa = PBXFileReference; lastKnownFileType = sourcecode.swift; path = FirstViewController.swift; sourceTree = "<group>"; };
		61EE731D1A15F83800E949C6 /* SecondViewController.swift */ = {isa = PBXFileReference; lastKnownFileType = sourcecode.swift; path = SecondViewController.swift; sourceTree = "<group>"; };
		61EE73201A15F83800E949C6 /* Base */ = {isa = PBXFileReference; lastKnownFileType = file.storyboard; name = Base; path = Base.lproj/Main.storyboard; sourceTree = "<group>"; };
		61EE73221A15F83800E949C6 /* Images.xcassets */ = {isa = PBXFileReference; lastKnownFileType = folder.assetcatalog; path = Images.xcassets; sourceTree = "<group>"; };
		61EE73251A15F83800E949C6 /* Base */ = {isa = PBXFileReference; lastKnownFileType = file.xib; name = Base; path = Base.lproj/LaunchScreen.xib; sourceTree = "<group>"; };
		61EE732B1A15F83800E949C6 /* oneAdminParentTests.xctest */ = {isa = PBXFileReference; explicitFileType = wrapper.cfbundle; includeInIndex = 0; path = oneAdminParentTests.xctest; sourceTree = BUILT_PRODUCTS_DIR; };
		61EE73301A15F83800E949C6 /* Info.plist */ = {isa = PBXFileReference; lastKnownFileType = text.plist.xml; path = Info.plist; sourceTree = "<group>"; };
		61EE73311A15F83800E949C6 /* oneAdminParentTests.swift */ = {isa = PBXFileReference; lastKnownFileType = sourcecode.swift; path = oneAdminParentTests.swift; sourceTree = "<group>"; };
/* End PBXFileReference section */

/* Begin PBXFrameworksBuildPhase section */
		61EE73111A15F83800E949C6 /* Frameworks */ = {
			isa = PBXFrameworksBuildPhase;
			buildActionMask = 2147483647;
			files = (
			);
			runOnlyForDeploymentPostprocessing = 0;
		};
		61EE73281A15F83800E949C6 /* Frameworks */ = {
			isa = PBXFrameworksBuildPhase;
			buildActionMask = 2147483647;
			files = (
			);
			runOnlyForDeploymentPostprocessing = 0;
		};
/* End PBXFrameworksBuildPhase section */

/* Begin PBXGroup section */
		61EE730B1A15F83800E949C6 = {
			isa = PBXGroup;
			children = (
				61EE73161A15F83800E949C6 /* oneAdminParent */,
				61EE732E1A15F83800E949C6 /* oneAdminParentTests */,
				61EE73151A15F83800E949C6 /* Products */,
			);
			sourceTree = "<group>";
		};
		61EE73151A15F83800E949C6 /* Products */ = {
			isa = PBXGroup;
			children = (
				61EE73141A15F83800E949C6 /* oneAdminParent.app */,
				61EE732B1A15F83800E949C6 /* oneAdminParentTests.xctest */,
			);
			name = Products;
			sourceTree = "<group>";
		};
		61EE73161A15F83800E949C6 /* oneAdminParent */ = {
			isa = PBXGroup;
			children = (
				61EE73191A15F83800E949C6 /* AppDelegate.swift */,
				61EE731B1A15F83800E949C6 /* FirstViewController.swift */,
				61EE731D1A15F83800E949C6 /* SecondViewController.swift */,
				61EE731F1A15F83800E949C6 /* Main.storyboard */,
				61EE73221A15F83800E949C6 /* Images.xcassets */,
				61EE73241A15F83800E949C6 /* LaunchScreen.xib */,
				61EE73171A15F83800E949C6 /* Supporting Files */,
			);
			path = oneAdminParent;
			sourceTree = "<group>";
		};
		61EE73171A15F83800E949C6 /* Supporting Files */ = {
			isa = PBXGroup;
			children = (
				61EE73181A15F83800E949C6 /* Info.plist */,
			);
			name = "Supporting Files";
			sourceTree = "<group>";
		};
		61EE732E1A15F83800E949C6 /* oneAdminParentTests */ = {
			isa = PBXGroup;
			children = (
				61EE73311A15F83800E949C6 /* oneAdminParentTests.swift */,
				61EE732F1A15F83800E949C6 /* Supporting Files */,
			);
			path = oneAdminParentTests;
			sourceTree = "<group>";
		};
		61EE732F1A15F83800E949C6 /* Supporting Files */ = {
			isa = PBXGroup;
			children = (
				61EE73301A15F83800E949C6 /* Info.plist */,
			);
			name = "Supporting Files";
			sourceTree = "<group>";
		};
/* End PBXGroup section */

/* Begin PBXNativeTarget section */
		61EE73131A15F83800E949C6 /* oneAdminParent */ = {
			isa = PBXNativeTarget;
			buildConfigurationList = 61EE73351A15F83800E949C6 /* Build configuration list for PBXNativeTarget "oneAdminParent" */;
			buildPhases = (
				61EE73101A15F83800E949C6 /* Sources */,
				61EE73111A15F83800E949C6 /* Frameworks */,
				61EE73121A15F83800E949C6 /* Resources */,
			);
			buildRules = (
			);
			dependencies = (
			);
			name = oneAdminParent;
			productName = oneAdminParent;
			productReference = 61EE73141A15F83800E949C6 /* oneAdminParent.app */;
			productType = "com.apple.product-type.application";
		};
		61EE732A1A15F83800E949C6 /* oneAdminParentTests */ = {
			isa = PBXNativeTarget;
			buildConfigurationList = 61EE73381A15F83800E949C6 /* Build configuration list for PBXNativeTarget "oneAdminParentTests" */;
			buildPhases = (
				61EE73271A15F83800E949C6 /* Sources */,
				61EE73281A15F83800E949C6 /* Frameworks */,
				61EE73291A15F83800E949C6 /* Resources */,
			);
			buildRules = (
			);
			dependencies = (
				61EE732D1A15F83800E949C6 /* PBXTargetDependency */,
			);
			name = oneAdminParentTests;
			productName = oneAdminParentTests;
			productReference = 61EE732B1A15F83800E949C6 /* oneAdminParentTests.xctest */;
			productType = "com.apple.product-type.bundle.unit-test";
		};
/* End PBXNativeTarget section */

/* Begin PBXProject section */
		61EE730C1A15F83800E949C6 /* Project object */ = {
			isa = PBXProject;
			attributes = {
				LastUpgradeCheck = 0600;
				ORGANIZATIONNAME = ischool;
				TargetAttributes = {
					61EE73131A15F83800E949C6 = {
						CreatedOnToolsVersion = 6.0;
					};
					61EE732A1A15F83800E949C6 = {
						CreatedOnToolsVersion = 6.0;
						TestTargetID = 61EE73131A15F83800E949C6;
					};
				};
			};
			buildConfigurationList = 61EE730F1A15F83800E949C6 /* Build configuration list for PBXProject "oneAdminParent" */;
			compatibilityVersion = "Xcode 3.2";
			developmentRegion = English;
			hasScannedForEncodings = 0;
			knownRegions = (
				en,
				Base,
			);
			mainGroup = 61EE730B1A15F83800E949C6;
			productRefGroup = 61EE73151A15F83800E949C6 /* Products */;
			projectDirPath = "";
			projectRoot = "";
			targets = (
				61EE73131A15F83800E949C6 /* oneAdminParent */,
				61EE732A1A15F83800E949C6 /* oneAdminParentTests */,
			);
		};
/* End PBXProject section */

/* Begin PBXResourcesBuildPhase section */
		61EE73121A15F83800E949C6 /* Resources */ = {
			isa = PBXResourcesBuildPhase;
			buildActionMask = 2147483647;
			files = (
				61EE73211A15F83800E949C6 /* Main.storyboard in Resources */,
				61EE73261A15F83800E949C6 /* LaunchScreen.xib in Resources */,
				61EE73231A15F83800E949C6 /* Images.xcassets in Resources */,
			);
			runOnlyForDeploymentPostprocessing = 0;
		};
		61EE73291A15F83800E949C6 /* Resources */ = {
			isa = PBXResourcesBuildPhase;
			buildActionMask = 2147483647;
			files = (
			);
			runOnlyForDeploymentPostprocessing = 0;
		};
/* End PBXResourcesBuildPhase section */

/* Begin PBXSourcesBuildPhase section */
		61EE73101A15F83800E949C6 /* Sources */ = {
			isa = PBXSourcesBuildPhase;
			buildActionMask = 2147483647;
			files = (
				61EE731E1A15F83800E949C6 /* SecondViewController.swift in Sources */,
				61EE731A1A15F83800E949C6 /* AppDelegate.swift in Sources */,
				61EE731C1A15F83800E949C6 /* FirstViewController.swift in Sources */,
			);
			runOnlyForDeploymentPostprocessing = 0;
		};
		61EE73271A15F83800E949C6 /* Sources */ = {
			isa = PBXSourcesBuildPhase;
			buildActionMask = 2147483647;
			files = (
				61EE73321A15F83800E949C6 /* oneAdminParentTests.swift in Sources */,
			);
			runOnlyForDeploymentPostprocessing = 0;
		};
/* End PBXSourcesBuildPhase section */

/* Begin PBXTargetDependency section */
		61EE732D1A15F83800E949C6 /* PBXTargetDependency */ = {
			isa = PBXTargetDependency;
			target = 61EE73131A15F83800E949C6 /* oneAdminParent */;
			targetProxy = 61EE732C1A15F83800E949C6 /* PBXContainerItemProxy */;
		};
/* End PBXTargetDependency section */

/* Begin PBXVariantGroup section */
		61EE731F1A15F83800E949C6 /* Main.storyboard */ = {
			isa = PBXVariantGroup;
			children = (
				61EE73201A15F83800E949C6 /* Base */,
			);
			name = Main.storyboard;
			sourceTree = "<group>";
		};
		61EE73241A15F83800E949C6 /* LaunchScreen.xib */ = {
			isa = PBXVariantGroup;
			children = (
				61EE73251A15F83800E949C6 /* Base */,
			);
			name = LaunchScreen.xib;
			sourceTree = "<group>";
		};
/* End PBXVariantGroup section */

/* Begin XCBuildConfiguration section */
		61EE73331A15F83800E949C6 /* Debug */ = {
			isa = XCBuildConfiguration;
			buildSettings = {
				ALWAYS_SEARCH_USER_PATHS = NO;
				CLANG_CXX_LANGUAGE_STANDARD = "gnu++0x";
				CLANG_CXX_LIBRARY = "libc++";
				CLANG_ENABLE_MODULES = YES;
				CLANG_ENABLE_OBJC_ARC = YES;
				CLANG_WARN_BOOL_CONVERSION = YES;
				CLANG_WARN_CONSTANT_CONVERSION = YES;
				CLANG_WARN_DIRECT_OBJC_ISA_USAGE = YES_ERROR;
				CLANG_WARN_EMPTY_BODY = YES;
				CLANG_WARN_ENUM_CONVERSION = YES;
				CLANG_WARN_INT_CONVERSION = YES;
				CLANG_WARN_OBJC_ROOT_CLASS = YES_ERROR;
				CLANG_WARN_UNREACHABLE_CODE = YES;
				CLANG_WARN__DUPLICATE_METHOD_MATCH = YES;
				"CODE_SIGN_IDENTITY[sdk=iphoneos*]" = "iPhone Developer";
				COPY_PHASE_STRIP = NO;
				ENABLE_STRICT_OBJC_MSGSEND = YES;
				GCC_C_LANGUAGE_STANDARD = gnu99;
				GCC_DYNAMIC_NO_PIC = NO;
				GCC_OPTIMIZATION_LEVEL = 0;
				GCC_PREPROCESSOR_DEFINITIONS = (
					"DEBUG=1",
					"$(inherited)",
				);
				GCC_SYMBOLS_PRIVATE_EXTERN = NO;
				GCC_WARN_64_TO_32_BIT_CONVERSION = YES;
				GCC_WARN_ABOUT_RETURN_TYPE = YES_ERROR;
				GCC_WARN_UNDECLARED_SELECTOR = YES;
				GCC_WARN_UNINITIALIZED_AUTOS = YES_AGGRESSIVE;
				GCC_WARN_UNUSED_FUNCTION = YES;
				GCC_WARN_UNUSED_VARIABLE = YES;
				IPHONEOS_DEPLOYMENT_TARGET = 8.0;
				MTL_ENABLE_DEBUG_INFO = YES;
				ONLY_ACTIVE_ARCH = YES;
				SDKROOT = iphoneos;
				SWIFT_OPTIMIZATION_LEVEL = "-Onone";
			};
			name = Debug;
		};
		61EE73341A15F83800E949C6 /* Release */ = {
			isa = XCBuildConfiguration;
			buildSettings = {
				ALWAYS_SEARCH_USER_PATHS = NO;
				CLANG_CXX_LANGUAGE_STANDARD = "gnu++0x";
				CLANG_CXX_LIBRARY = "libc++";
				CLANG_ENABLE_MODULES = YES;
				CLANG_ENABLE_OBJC_ARC = YES;
				CLANG_WARN_BOOL_CONVERSION = YES;
				CLANG_WARN_CONSTANT_CONVERSION = YES;
				CLANG_WARN_DIRECT_OBJC_ISA_USAGE = YES_ERROR;
				CLANG_WARN_EMPTY_BODY = YES;
				CLANG_WARN_ENUM_CONVERSION = YES;
				CLANG_WARN_INT_CONVERSION = YES;
				CLANG_WARN_OBJC_ROOT_CLASS = YES_ERROR;
				CLANG_WARN_UNREACHABLE_CODE = YES;
				CLANG_WARN__DUPLICATE_METHOD_MATCH = YES;
				"CODE_SIGN_IDENTITY[sdk=iphoneos*]" = "iPhone Developer";
				COPY_PHASE_STRIP = YES;
				ENABLE_NS_ASSERTIONS = NO;
				ENABLE_STRICT_OBJC_MSGSEND = YES;
				GCC_C_LANGUAGE_STANDARD = gnu99;
				GCC_WARN_64_TO_32_BIT_CONVERSION = YES;
				GCC_WARN_ABOUT_RETURN_TYPE = YES_ERROR;
				GCC_WARN_UNDECLARED_SELECTOR = YES;
				GCC_WARN_UNINITIALIZED_AUTOS = YES_AGGRESSIVE;
				GCC_WARN_UNUSED_FUNCTION = YES;
				GCC_WARN_UNUSED_VARIABLE = YES;
				IPHONEOS_DEPLOYMENT_TARGET = 8.0;
				MTL_ENABLE_DEBUG_INFO = NO;
				SDKROOT = iphoneos;
				VALIDATE_PRODUCT = YES;
			};
			name = Release;
		};
		61EE73361A15F83800E949C6 /* Debug */ = {
			isa = XCBuildConfiguration;
			buildSettings = {
				ASSETCATALOG_COMPILER_APPICON_NAME = AppIcon;
				INFOPLIST_FILE = oneAdminParent/Info.plist;
				LD_RUNPATH_SEARCH_PATHS = "$(inherited) @executable_path/Frameworks";
				PRODUCT_NAME = "$(TARGET_NAME)";
			};
			name = Debug;
		};
		61EE73371A15F83800E949C6 /* Release */ = {
			isa = XCBuildConfiguration;
			buildSettings = {
				ASSETCATALOG_COMPILER_APPICON_NAME = AppIcon;
				INFOPLIST_FILE = oneAdminParent/Info.plist;
				LD_RUNPATH_SEARCH_PATHS = "$(inherited) @executable_path/Frameworks";
				PRODUCT_NAME = "$(TARGET_NAME)";
			};
			name = Release;
		};
		61EE73391A15F83800E949C6 /* Debug */ = {
			isa = XCBuildConfiguration;
			buildSettings = {
				BUNDLE_LOADER = "$(TEST_HOST)";
				FRAMEWORK_SEARCH_PATHS = (
					"$(SDKROOT)/Developer/Library/Frameworks",
					"$(inherited)",
				);
				GCC_PREPROCESSOR_DEFINITIONS = (
					"DEBUG=1",
					"$(inherited)",
				);
				INFOPLIST_FILE = oneAdminParentTests/Info.plist;
				LD_RUNPATH_SEARCH_PATHS = "$(inherited) @executable_path/Frameworks @loader_path/Frameworks";
				PRODUCT_NAME = "$(TARGET_NAME)";
				TEST_HOST = "$(BUILT_PRODUCTS_DIR)/oneAdminParent.app/oneAdminParent";
			};
			name = Debug;
		};
		61EE733A1A15F83800E949C6 /* Release */ = {
			isa = XCBuildConfiguration;
			buildSettings = {
				BUNDLE_LOADER = "$(TEST_HOST)";
				FRAMEWORK_SEARCH_PATHS = (
					"$(SDKROOT)/Developer/Library/Frameworks",
					"$(inherited)",
				);
				INFOPLIST_FILE = oneAdminParentTests/Info.plist;
				LD_RUNPATH_SEARCH_PATHS = "$(inherited) @executable_path/Frameworks @loader_path/Frameworks";
				PRODUCT_NAME = "$(TARGET_NAME)";
				TEST_HOST = "$(BUILT_PRODUCTS_DIR)/oneAdminParent.app/oneAdminParent";
			};
			name = Release;
		};
/* End XCBuildConfiguration section */

/* Begin XCConfigurationList section */
		61EE730F1A15F83800E949C6 /* Build configuration list for PBXProject "oneAdminParent" */ = {
			isa = XCConfigurationList;
			buildConfigurations = (
				61EE73331A15F83800E949C6 /* Debug */,
				61EE73341A15F83800E949C6 /* Release */,
			);
			defaultConfigurationIsVisible = 0;
			defaultConfigurationName = Release;
		};
		61EE73351A15F83800E949C6 /* Build configuration list for PBXNativeTarget "oneAdminParent" */ = {
			isa = XCConfigurationList;
			buildConfigurations = (
				61EE73361A15F83800E949C6 /* Debug */,
				61EE73371A15F83800E949C6 /* Release */,
			);
			defaultConfigurationIsVisible = 0;
		};
		61EE73381A15F83800E949C6 /* Build configuration list for PBXNativeTarget "oneAdminParentTests" */ = {
			isa = XCConfigurationList;
			buildConfigurations = (
				61EE73391A15F83800E949C6 /* Debug */,
				61EE733A1A15F83800E949C6 /* Release */,
			);
			defaultConfigurationIsVisible = 0;
		};
/* End XCConfigurationList section */
	};
	rootObject = 61EE730C1A15F83800E949C6 /* Project object */;
}
